
Microsoft Visual Studio Solution File, Format Version 12.00
# Visual Studio Version 16
VisualStudioVersion = 16.0.30413.136
MinimumVisualStudioVersion = 10.0.40219.1
Project("{FAE04EC0-301F-11D3-BF4B-00C04F79EFBC}") = "Elements_DM.Android", "Elements_DM\Elements_DM.Android\Elements_DM.Android.csproj", "{DADB6A9A-B3EA-4A71-A1C3-0BB9F33B4804}"
EndProject
Project("{FAE04EC0-301F-11D3-BF4B-00C04F79EFBC}") = "Elements_DM", "Elements_DM\Elements_DM\Elements_DM.csproj", "{7B187620-80EA-41B8-9E92-8EB27EC5872B}"
EndProject
Global
	GlobalSection(SolutionConfigurationPlatforms) = preSolution
		Debug|Any CPU = Debug|Any CPU
		Release|Any CPU = Release|Any CPU
	EndGlobalSection
	GlobalSection(ProjectConfigurationPlatforms) = postSolution
		{DADB6A9A-B3EA-4A71-A1C3-0BB9F33B4804}.Debug|Any CPU.ActiveCfg = Debug|Any CPU
		{DADB6A9A-B3EA-4A71-A1C3-0BB9F33B4804}.Debug|Any CPU.Build.0 = Debug|Any CPU
		{DADB6A9A-B3EA-4A71-A1C3-0BB9F33B4804}.Debug|Any CPU.Deploy.0 = Debug|Any CPU
		{DADB6A9A-B3EA-4A71-A1C3-0BB9F33B4804}.Release|Any CPU.ActiveCfg = Release|Any CPU
		{DADB6A9A-B3EA-4A71-A1C3-0BB9F33B4804}.Release|Any CPU.Build.0 = Release|Any CPU
		{DADB6A9A-B3EA-4A71-A1C3-0BB9F33B4804}.Release|Any CPU.Deploy.0 = Release|Any CPU
		{7B187620-80EA-41B8-9E92-8EB27EC5872B}.Debug|Any CPU.ActiveCfg = Debug|Any CPU
		{7B187620-80EA-41B8-9E92-8EB27EC5872B}.Debug|Any CPU.Build.0 = Debug|Any CPU
		{7B187620-80EA-41B8-9E92-8EB27EC5872B}.Debug|Any CPU.Deploy.0 = Debug|Any CPU
		{7B187620-80EA-41B8-9E92-8EB27EC5872B}.Release|Any CPU.ActiveCfg = Release|Any CPU
		{7B187620-80EA-41B8-9E92-8EB27EC5872B}.Release|Any CPU.Build.0 = Release|Any CPU
		{7B187620-80EA-41B8-9E92-8EB27EC5872B}.Release|Any CPU.Deploy.0 = Release|Any CPU
	EndGlobalSection
	GlobalSection(SolutionProperties) = preSolution
		HideSolutionNode = FALSE
	EndGlobalSection
	GlobalSection(ExtensibilityGlobals) = postSolution
		SolutionGuid = {384D591F-71B8-4499-889D-AE4DD6C3B66B}
	EndGlobalSection
EndGlobal
